<Solution>
  <Folder Name="/src/">
    <Project Path="src/Part03_01_ProductionApiDesign/Part03_01_ProductionApiDesign.csproj" />
    <Project Path="src/Part03_02_ApplicationArchitecture/Part03_02_ApplicationArchitecture.csproj" />
    <Project Path="src/Part03_03_ProjectStructure/Part03_03_ProjectStructure.csproj" />
    <Project Path="src/Part03_04_ArchitectureTests/Part03_04_ArchitectureTests.csproj" />
    <Project Path="src/Part04_01_EfCore/Part04_01_EfCore.csproj" />
    <Project Path="src/Part04_02_Caching/Part04_02_Caching.csproj" />
    <Project Path="src/Part04_03_MultiTenancy/Part04_03_MultiTenancy.csproj" />
    <Project Path="src/Part05_01_AuthCore/Part05_01_AuthCore.csproj" />
    <Project Path="src/Part05_02_SpaBffAuth/Part05_02_SpaBffAuth.csproj" />
    <Project Path="src/Part06_01_MessagePatterns/Part06_01_MessagePatterns.csproj" />
    <Project Path="src/Part06_02_RabbitMqTools/Part06_02_RabbitMqTools.csproj" />
    <Project Path="src/Part07_DistributedComms/Catalog/Catalog.csproj" />
    <Project Path="src/Part07_DistributedComms/Gateway/Gateway.csproj" />
    <Project Path="src/Part07_DistributedComms/Inventory/Inventory.csproj" />
    <Project Path="src/Part08_01_OpenTelemetry/Part08_01_OpenTelemetry.csproj" />
    <Project Path="src/Part08_02_Troubleshooting/Part08_02_Troubleshooting.csproj" />
    <Project Path="src/Part09_Deployment/Part09_Deployment.csproj" />
    <Project Path="src/Part10_Aspire/Api/Api.csproj" />
    <Project Path="src/Part10_Aspire/AppHost/AppHost.csproj" />
    <Project Path="src/Part10_Aspire/ServiceDefaults/ServiceDefaults.csproj" />
    <Project Path="src/Step01_HostingAndStartup/Step01_HostingAndStartup.csproj" />
    <Project Path="src/Step02_DiConfigOptions/Step02_DiConfigOptions.csproj" />
    <Project Path="src/Step03_MiddlewarePipeline/Step03_MiddlewarePipeline.csproj" />
    <Project Path="src/Step04_RoutingEndpoints/Step04_RoutingEndpoints.csproj" />
    <Project Path="src/Step05_MinimalApiAndControllers/Step05_MinimalApiAndControllers.csproj" />
    <Project Path="src/Step06_BindingValidationProblemDetails/Step06_BindingValidationProblemDetails.csproj" />
    <Project Path="src/Step07_AuthNAuthZ/Step07_AuthNAuthZ.csproj" />
    <Project Path="src/Step08_LoggingErrorsHealth/Step08_LoggingErrorsHealth.csproj" />
    <Project Path="src/Step09_IntegrationTesting/Step09_IntegrationTesting.csproj" />
    <Project Path="src/Step10_KestrelHttpClientFactory/Step10_KestrelHttpClientFactory.csproj" />
  </Folder>
  <Folder Name="/tests/">
    <Project Path="tests/Part03_01_ProductionApiDesign.Tests/Part03_01_ProductionApiDesign.Tests.csproj" />
    <Project Path="tests/Part03_02_ApplicationArchitecture.Tests/Part03_02_ApplicationArchitecture.Tests.csproj" />
    <Project Path="tests/Part03_03_ProjectStructure.Tests/Part03_03_ProjectStructure.Tests.csproj" />
    <Project Path="tests/Part04_01_EfCore.Tests/Part04_01_EfCore.Tests.csproj" />
    <Project Path="tests/Part04_02_Caching.Tests/Part04_02_Caching.Tests.csproj" />
    <Project Path="tests/Part04_03_MultiTenancy.Tests/Part04_03_MultiTenancy.Tests.csproj" />
    <Project Path="tests/Part05_01_AuthCore.Tests/Part05_01_AuthCore.Tests.csproj" />
    <Project Path="tests/Part05_02_SpaBffAuth.Tests/Part05_02_SpaBffAuth.Tests.csproj" />
    <Project Path="tests/Part06_01_MessagePatterns.Tests/Part06_01_MessagePatterns.Tests.csproj" />
    <Project Path="tests/Part06_02_RabbitMqTools.Tests/Part06_02_RabbitMqTools.Tests.csproj" />
    <Project Path="tests/Part07_DistributedComms.Tests/Part07_DistributedComms.Tests.csproj" />
    <Project Path="tests/Part08_01_OpenTelemetry.Tests/Part08_01_OpenTelemetry.Tests.csproj" />
    <Project Path="tests/Part08_02_Troubleshooting.Tests/Part08_02_Troubleshooting.Tests.csproj" />
    <Project Path="tests/Part09_Deployment.Tests/Part09_Deployment.Tests.csproj" />
    <Project Path="tests/Part10_Aspire.Tests/Part10_Aspire.Tests.csproj" />
    <Project Path="tests/Step01_HostingAndStartup.Tests/Step01_HostingAndStartup.Tests.csproj" />
    <Project Path="tests/Step02_DiConfigOptions.Tests/Step02_DiConfigOptions.Tests.csproj" />
    <Project Path="tests/Step03_MiddlewarePipeline.Tests/Step03_MiddlewarePipeline.Tests.csproj" />
    <Project Path="tests/Step04_RoutingEndpoints.Tests/Step04_RoutingEndpoints.Tests.csproj" />
    <Project Path="tests/Step05_MinimalApiAndControllers.Tests/Step05_MinimalApiAndControllers.Tests.csproj" />
    <Project Path="tests/Step06_BindingValidationProblemDetails.Tests/Step06_BindingValidationProblemDetails.Tests.csproj" />
    <Project Path="tests/Step07_AuthNAuthZ.Tests/Step07_AuthNAuthZ.Tests.csproj" />
    <Project Path="tests/Step08_LoggingErrorsHealth.Tests/Step08_LoggingErrorsHealth.Tests.csproj" />
    <Project Path="tests/Step09_IntegrationTesting.Tests/Step09_IntegrationTesting.Tests.csproj" />
    <Project Path="tests/Step10_KestrelHttpClientFactory.Tests/Step10_KestrelHttpClientFactory.Tests.csproj" />
  </Folder>
</Solution>
