<Solution>
  <Configurations>
    <Platform Name="Any CPU" />
    <Platform Name="x64" />
  </Configurations>
  <Folder Name="/src/">
    <Project Path="src/LearnCSharp/LearnCSharp.csproj" />
  </Folder>
  <Folder Name="/src/LearnAvalonia/">
    <Project Path="src/LearnAvalonia/Avalonia_Capstone1_DesktopFoundation/Avalonia_Capstone1_DesktopFoundation.csproj" />
    <Project Path="src/LearnAvalonia/Avalonia_Capstone2_ComplexDesktop/Avalonia_Capstone2_ComplexDesktop.csproj" />
    <Project Path="src/LearnAvalonia/Avalonia_Capstone3_CrossPlatform/Avalonia_Capstone3_CrossPlatform.csproj" />
    <Project Path="src/LearnAvalonia/Avalonia_Capstone4_CustomControlAOT/Avalonia_Capstone4_CustomControlAOT.csproj" />
    <Project Path="src/LearnAvalonia/Avalonia_Stage01_AppBuilder/Avalonia_Stage01_AppBuilder.csproj" />
    <Project Path="src/LearnAvalonia/Avalonia_Stage02_Dispatcher/Avalonia_Stage02_Dispatcher.csproj" />
    <Project Path="src/LearnAvalonia/Avalonia_Stage03_AvaloniaXaml/Avalonia_Stage03_AvaloniaXaml.csproj" />
    <Project Path="src/LearnAvalonia/Avalonia_Stage04_PropertySystem/Avalonia_Stage04_PropertySystem.csproj" />
    <Project Path="src/LearnAvalonia/Avalonia_Stage05_LogicalVisualTree/Avalonia_Stage05_LogicalVisualTree.csproj" />
    <Project Path="src/LearnAvalonia/Avalonia_Stage06_LayoutSystem/Avalonia_Stage06_LayoutSystem.csproj" />
    <Project Path="src/LearnAvalonia/Avalonia_Stage07_ControlSystem/Avalonia_Stage07_ControlSystem.csproj" />
    <Project Path="src/LearnAvalonia/Avalonia_Stage08_StylesThemes/Avalonia_Stage08_StylesThemes.csproj" />
    <Project Path="src/LearnAvalonia/Avalonia_Stage09_DataBindingMVVM/Avalonia_Stage09_DataBindingMVVM.csproj" />
    <Project Path="src/LearnAvalonia/Avalonia_Stage10_WindowsDialogs/Avalonia_Stage10_WindowsDialogs.csproj" />
    <Project Path="src/LearnAvalonia/Avalonia_Stage11_PagesNavigation/Avalonia_Stage11_PagesNavigation.csproj" />
    <Project Path="src/LearnAvalonia/Avalonia_Stage12_InputFocusGestures/Avalonia_Stage12_InputFocusGestures.csproj" />
    <Project Path="src/LearnAvalonia/Avalonia_Stage13_GraphicsAnimation/Avalonia_Stage13_GraphicsAnimation.csproj" />
    <Project Path="src/LearnAvalonia/Avalonia_Stage14_CustomControls/Avalonia_Stage14_CustomControls.csproj" />
    <Project Path="src/LearnAvalonia/Avalonia_Stage15_Virtualization/Avalonia_Stage15_Virtualization.csproj" />
    <Project Path="src/LearnAvalonia/Avalonia_Stage16_PlatformAbstraction/Avalonia_Stage16_PlatformAbstraction.csproj" />
    <Project Path="src/LearnAvalonia/Avalonia_Stage17_WebViewHybrid/Avalonia_Stage17_WebViewHybrid.csproj" />
    <Project Path="src/LearnAvalonia/Avalonia_Stage18_Mobile/Avalonia_Stage18_Mobile.csproj" />
    <Project Path="src/LearnAvalonia/Avalonia_Stage19_WebAssembly/Avalonia_Stage19_WebAssembly.csproj" />
    <Project Path="src/LearnAvalonia/Avalonia_Stage20_EmbeddedLinux/Avalonia_Stage20_EmbeddedLinux.csproj" />
    <Project Path="src/LearnAvalonia/Avalonia_Stage21_AppArchitecture/Avalonia_Stage21_AppArchitecture.csproj" />
    <Project Path="src/LearnAvalonia/Avalonia_Stage22_DataNetworkAuth/Avalonia_Stage22_DataNetworkAuth.csproj" />
    <Project Path="src/LearnAvalonia/Avalonia_Stage23_AccessibilityI18n/Avalonia_Stage23_AccessibilityI18n.csproj" />
    <Project Path="src/LearnAvalonia/Avalonia_Stage24_TestingSystem/Avalonia_Stage24_TestingSystem.csproj" />
    <Project Path="src/LearnAvalonia/Avalonia_Stage25_Performance/Avalonia_Stage25_Performance.csproj" />
    <Project Path="src/LearnAvalonia/Avalonia_Stage26_TrimmingAOT/Avalonia_Stage26_TrimmingAOT.csproj" />
    <Project Path="src/LearnAvalonia/Avalonia_Stage27_PackagingCI/Avalonia_Stage27_PackagingCI.csproj" />
    <Project Path="src/LearnAvalonia/Avalonia_Stage28_WpfMigration/Avalonia_Stage28_WpfMigration.csproj" />
    <Project Path="src/LearnAvalonia/Avalonia_Stage29_SourceReading/Avalonia_Stage29_SourceReading.csproj" />
    <Project Path="src/LearnAvalonia/Avalonia_Stage30_PlatformBackend/Avalonia_Stage30_PlatformBackend.csproj" />
    <Project Path="src/LearnAvalonia/Avalonia_Stage31_RenderingExpert/Avalonia_Stage31_RenderingExpert.csproj" />
  </Folder>
  <Folder Name="/src/LearnBlazor/">
    <Project Path="src/LearnBlazor/Blazor_Part02_HtmlModernCss/Blazor_Part02_HtmlModernCss.csproj" />
    <Project Path="src/LearnBlazor/Blazor_Part03_RazorComponents/Blazor_Part03_RazorComponents.csproj" />
    <Project Path="src/LearnBlazor/Blazor_Part04_FrontendStateArchitecture/Blazor_Part04_FrontendStateArchitecture.csproj" />
    <Project Path="src/LearnBlazor/Blazor_Part05_NavigationAppShell/Blazor_Part05_NavigationAppShell.csproj" />
    <Project Path="src/LearnBlazor/Blazor_Part06_FormsInputTouch/Blazor_Part06_FormsInputTouch.csproj" />
    <Project Path="src/LearnBlazor/Blazor_Part07_ListsMediaUI/Blazor_Part07_ListsMediaUI.csproj" />
    <Project Path="src/LearnBlazor/Blazor_Part08_AccessibilityI18n/Blazor_Part08_AccessibilityI18n.csproj" />
    <Project Path="src/LearnBlazor/Blazor_Part09_ComponentLibStyling/Blazor_Part09_ComponentLibStyling.csproj" />
    <Project Path="src/LearnBlazor/Blazor_Part10_JsInteropWebView/Blazor_Part10_JsInteropWebView.csproj" />
    <Project Path="src/LearnBlazor/Blazor_Part11_NativePlatformBridge/Blazor_Part11_NativePlatformBridge.csproj" />
    <Project Path="src/LearnBlazor/Blazor_Part12_CodeFirstRpcClient/Blazor_Part12_CodeFirstRpcClient.csproj" />
    <Project Path="src/LearnBlazor/Blazor_Part13_AuthSecurityBoundary/Blazor_Part13_AuthSecurityBoundary.csproj" />
    <Project Path="src/LearnBlazor/Blazor_Part14_TestingDebugging/Blazor_Part14_TestingDebugging.csproj" />
    <Project Path="src/LearnBlazor/Blazor_Part15_PerformanceDiagnostics/Blazor_Part15_PerformanceDiagnostics.csproj" />
    <Project Path="src/LearnBlazor/Blazor_Part16_PackagingEngineering/Blazor_Part16_PackagingEngineering.csproj" />
  </Folder>
  <Folder Name="/src/LearnMaui/">
    <Project Path="src/LearnMaui/Maui_Stage01_ArchitectureStartup/Maui_Stage01_ArchitectureStartup.csproj" />
    <Project Path="src/LearnMaui/Maui_Stage02_LifecycleWindowState/Maui_Stage02_LifecycleWindowState.csproj" />
    <Project Path="src/LearnMaui/Maui_Stage03_UIThreadAsync/Maui_Stage03_UIThreadAsync.csproj" />
    <Project Path="src/LearnMaui/Maui_Stage04_XamlMarkup/Maui_Stage04_XamlMarkup.csproj" />
    <Project Path="src/LearnMaui/Maui_Stage05_ControlsLayout/Maui_Stage05_ControlsLayout.csproj" />
    <Project Path="src/LearnMaui/Maui_Stage06_BindingMVVM/Maui_Stage06_BindingMVVM.csproj" />
    <Project Path="src/LearnMaui/Maui_Stage07_NavigationShell/Maui_Stage07_NavigationShell.csproj" />
    <Project Path="src/LearnMaui/Maui_Stage08_StylesThemesAnimation/Maui_Stage08_StylesThemesAnimation.csproj" />
    <Project Path="src/LearnMaui/Maui_Stage09_HandlerNativeControls/Maui_Stage09_HandlerNativeControls.csproj" />
    <Project Path="src/LearnMaui/Maui_Stage10_DevicePermissions/Maui_Stage10_DevicePermissions.csproj" />
    <Project Path="src/LearnMaui/Maui_Stage11_NetworkDataAuth/Maui_Stage11_NetworkDataAuth.csproj" />
    <Project Path="src/LearnMaui/Maui_Stage12_LocalStorageOffline/Maui_Stage12_LocalStorageOffline.csproj" />
    <Project Path="src/LearnMaui/Maui_Stage13_BackgroundPush/Maui_Stage13_BackgroundPush.csproj" />
    <Project Path="src/LearnMaui/Maui_Stage14_AccessibilityI18n/Maui_Stage14_AccessibilityI18n.csproj" />
    <Project Path="src/LearnMaui/Maui_Stage15_WindowsMacAdaptive/Maui_Stage15_WindowsMacAdaptive.csproj" />
    <Project Path="src/LearnMaui/Maui_Stage16_GraphicsMedia/Maui_Stage16_GraphicsMedia.csproj" />
    <Project Path="src/LearnMaui/Maui_Stage17_TestingSystem/Maui_Stage17_TestingSystem.csproj" />
    <Project Path="src/LearnMaui/Maui_Stage18_PerformanceDiagnostics/Maui_Stage18_PerformanceDiagnostics.csproj" />
    <Project Path="src/LearnMaui/Maui_Stage19_TrimmingAOT/Maui_Stage19_TrimmingAOT.csproj" />
    <Project Path="src/LearnMaui/Maui_Stage20_PackagingCI/Maui_Stage20_PackagingCI.csproj" />
    <Project Path="src/LearnMaui/Maui_Stage21_BlazorHybrid/Maui_Stage21_BlazorHybrid.csproj" />
    <Project Path="src/LearnMaui/Maui_Stage22_XamarinMigration/Maui_Stage22_XamarinMigration.csproj" />
    <Project Path="src/LearnMaui/Maui_Stage23_Tizen/Maui_Stage23_Tizen.csproj" />
    <Project Path="src/LearnMaui/Maui_Stage24_MauiAppBuilderDI/Maui_Stage24_MauiAppBuilderDI.csproj" />
    <Project Path="src/LearnMaui/Maui_Stage25_BindableBindingXaml/Maui_Stage25_BindableBindingXaml.csproj" />
    <Project Path="src/LearnMaui/Maui_Stage26_HandlerMapperLayout/Maui_Stage26_HandlerMapperLayout.csproj" />
    <Project Path="src/LearnMaui/Maui_Stage27_WindowShellDispatcher/Maui_Stage27_WindowShellDispatcher.csproj" />
    <Project Path="src/LearnMaui/Maui_Stage28_CollectionViewRuntime/Maui_Stage28_CollectionViewRuntime.csproj" />
  </Folder>
  <Folder Name="/src/LearnAsp/">
    <Project Path="src/LearnAsp/Asp_Campus.Contracts/Asp_Campus.Contracts.csproj" />
    <Project Path="src/LearnAsp/Asp_Campus.HealthProbe/Asp_Campus.HealthProbe.csproj" />
    <Project Path="src/LearnAsp/Asp_Campus.Security/Asp_Campus.Security.csproj" />
    <Project Path="src/LearnAsp/Asp_Campus.ServiceDefaults/Asp_Campus.ServiceDefaults.csproj" />
    <Project Path="src/LearnAsp/Asp_Campus.Testing/Asp_Campus.Testing.csproj" />
    <Project Path="src/LearnAsp/Asp_Part03_1_ApiDesign/Asp_Part03_1_ApiDesign.csproj" />
    <Project Path="src/LearnAsp/Asp_Part03_1_ApiDesign.Tests/Asp_Part03_1_ApiDesign.Tests.csproj" />
    <Project Path="src/LearnAsp/Asp_Part03_2_AppArchitecture/Asp_Part03_2_AppArchitecture.csproj" />
    <Project Path="src/LearnAsp/Asp_Part03_2_AppArchitecture.Tests/Asp_Part03_2_AppArchitecture.Tests.csproj" />
    <Project Path="src/LearnAsp/Asp_Part03_2_BuildingBlocks/Asp_Part03_2_BuildingBlocks.csproj" />
    <Project Path="src/LearnAsp/Asp_Part03_2_Catalog/Asp_Part03_2_Catalog.csproj" />
    <Project Path="src/LearnAsp/Asp_Part03_2_Catalog.Contracts/Asp_Part03_2_Catalog.Contracts.csproj" />
    <Project Path="src/LearnAsp/Asp_Part03_2_Enrollment/Asp_Part03_2_Enrollment.csproj" />
    <Project Path="src/LearnAsp/Asp_Part03_2_Enrollment.Contracts/Asp_Part03_2_Enrollment.Contracts.csproj" />
    <Project Path="src/LearnAsp/Asp_Part03_2_Notices/Asp_Part03_2_Notices.csproj" />
    <Project Path="src/LearnAsp/Asp_Part03_2_Notices.Contracts/Asp_Part03_2_Notices.Contracts.csproj" />
    <Project Path="src/LearnAsp/Asp_Part03_3_Application/Asp_Part03_3_Application.csproj" />
    <Project Path="src/LearnAsp/Asp_Part03_3_Contracts/Asp_Part03_3_Contracts.csproj" />
    <Project Path="src/LearnAsp/Asp_Part03_3_Domain/Asp_Part03_3_Domain.csproj" />
    <Project Path="src/LearnAsp/Asp_Part03_3_Infrastructure/Asp_Part03_3_Infrastructure.csproj" />
    <Project Path="src/LearnAsp/Asp_Part03_3_ProjectStructure/Asp_Part03_3_ProjectStructure.csproj" />
    <Project Path="src/LearnAsp/Asp_Part03_3_ProjectStructure.Tests/Asp_Part03_3_ProjectStructure.Tests.csproj" />
    <Project Path="src/LearnAsp/Asp_Part03_4_ArchTesting/Asp_Part03_4_ArchTesting.csproj" />
    <Project Path="src/LearnAsp/Asp_Part03_4_ArchTesting.Tests/Asp_Part03_4_ArchTesting.Tests.csproj" />
    <Project Path="src/LearnAsp/Asp_Part04_1_EFCore/Asp_Part04_1_EFCore.csproj" />
    <Project Path="src/LearnAsp/Asp_Part04_1_EFCore.Tests/Asp_Part04_1_EFCore.Tests.csproj" />
    <Project Path="src/LearnAsp/Asp_Part04_2_Caching/Asp_Part04_2_Caching.csproj" />
    <Project Path="src/LearnAsp/Asp_Part04_2_Caching.Tests/Asp_Part04_2_Caching.Tests.csproj" />
    <Project Path="src/LearnAsp/Asp_Part04_3_MultiTenant/Asp_Part04_3_MultiTenant.csproj" />
    <Project Path="src/LearnAsp/Asp_Part04_3_MultiTenant.Tests/Asp_Part04_3_MultiTenant.Tests.csproj" />
    <Project Path="src/LearnAsp/Asp_Part05_1_AuthnAuthz/Asp_Part05_1_AuthnAuthz.csproj" />
    <Project Path="src/LearnAsp/Asp_Part05_1_AuthnAuthz.Tests/Asp_Part05_1_AuthnAuthz.Tests.csproj" />
    <Project Path="src/LearnAsp/Asp_Part05_2_SpaAuth/Asp_Part05_2_SpaAuth.csproj" />
    <Project Path="src/LearnAsp/Asp_Part05_2_SpaAuth.Tests/Asp_Part05_2_SpaAuth.Tests.csproj" />
    <Project Path="src/LearnAsp/Asp_Part05_Security.IntegrationTests/Asp_Part05_Security.IntegrationTests.csproj" />
    <Project Path="src/LearnAsp/Asp_Part06_1_MessagingPatterns/Asp_Part06_1_MessagingPatterns.csproj" />
    <Project Path="src/LearnAsp/Asp_Part06_1_MessagingPatterns.Tests/Asp_Part06_1_MessagingPatterns.Tests.csproj" />
    <Project Path="src/LearnAsp/Asp_Part06_2_MessagingTools/Asp_Part06_2_MessagingTools.csproj" />
    <Project Path="src/LearnAsp/Asp_Part06_2_MessagingTools.Tests/Asp_Part06_2_MessagingTools.Tests.csproj" />
    <Project Path="src/LearnAsp/Asp_Part07_DistributedComm/Asp_Part07_DistributedComm.csproj" />
    <Project Path="src/LearnAsp/Asp_Part07_DistributedComm.Tests/Asp_Part07_DistributedComm.Tests.csproj" />
    <Project Path="src/LearnAsp/Asp_Part08_1_OpenTelemetry/Asp_Part08_1_OpenTelemetry.csproj" />
    <Project Path="src/LearnAsp/Asp_Part08_1_OpenTelemetry.Tests/Asp_Part08_1_OpenTelemetry.Tests.csproj" />
    <Project Path="src/LearnAsp/Asp_Part08_2_TroubleshootingProcess/Asp_Part08_2_TroubleshootingProcess.csproj" />
    <Project Path="src/LearnAsp/Asp_Part08_2_TroubleshootingProcess.Tests/Asp_Part08_2_TroubleshootingProcess.Tests.csproj" />
    <Project Path="src/LearnAsp/Asp_Part09_Deployment/Asp_Part09_Deployment.csproj" />
    <Project Path="src/LearnAsp/Asp_Part09_Deployment.Tests/Asp_Part09_Deployment.Tests.csproj" />
    <Project Path="src/LearnAsp/Asp_Part10_Aspire/Asp_Part10_Aspire.csproj" />
    <Project Path="src/LearnAsp/Asp_Part11_1_PerformanceAdvanced/Asp_Part11_1_PerformanceAdvanced.csproj" />
    <Project Path="src/LearnAsp/Asp_Part11_1_PerformanceAdvanced.Tests/Asp_Part11_1_PerformanceAdvanced.Tests.csproj" />
    <Project Path="src/LearnAsp/Asp_Part11_1_PerformanceBenchmarks/Asp_Part11_1_PerformanceBenchmarks.csproj" />
    <Project Path="src/LearnAsp/Asp_Part11_2_NativeAotTrim/Asp_Part11_2_NativeAotTrim.csproj" />
    <Project Path="src/LearnAsp/Asp_Part11_2_NativeAotTrim.Endpoints/Asp_Part11_2_NativeAotTrim.Endpoints.csproj" />
    <Project Path="src/LearnAsp/Asp_Part11_2_NativeAotTrim.Tests/Asp_Part11_2_NativeAotTrim.Tests.csproj" />
    <Project Path="src/LearnAsp/Asp_Part11_3_FrameworkSource/Asp_Part11_3_FrameworkSource.csproj" />
    <Project Path="src/LearnAsp/Asp_Part11_3_FrameworkSource.Tests/Asp_Part11_3_FrameworkSource.Tests.csproj" />
    <Project Path="src/LearnAsp/Asp_Part12_ElectiveBranches/Asp_Part12_ElectiveBranches.csproj" />
    <Project Path="src/LearnAsp/Asp_Part12_ElectiveBranches.Tests/Asp_Part12_ElectiveBranches.Tests.csproj" />
    <Project Path="src/LearnAsp/Asp_Part13_Summary/Asp_Part13_Summary.csproj" />
    <Project Path="src/LearnAsp/Asp_Part13_Summary.Tests/Asp_Part13_Summary.Tests.csproj" />
    <Project Path="src/LearnAsp/Asp_Step01_HostStartup/Asp_Step01_HostStartup.csproj" />
    <Project Path="src/LearnAsp/Asp_Step01_HostStartup.Tests/Asp_Step01_HostStartup.Tests.csproj" />
    <Project Path="src/LearnAsp/Asp_Step02_DIConfigOptions/Asp_Step02_DIConfigOptions.csproj" />
    <Project Path="src/LearnAsp/Asp_Step02_DIConfigOptions.Tests/Asp_Step02_DIConfigOptions.Tests.csproj" />
    <Project Path="src/LearnAsp/Asp_Step03_MiddlewarePipeline/Asp_Step03_MiddlewarePipeline.csproj" />
    <Project Path="src/LearnAsp/Asp_Step03_MiddlewarePipeline.Tests/Asp_Step03_MiddlewarePipeline.Tests.csproj" />
    <Project Path="src/LearnAsp/Asp_Step04_RoutingEndpoints/Asp_Step04_RoutingEndpoints.csproj" />
    <Project Path="src/LearnAsp/Asp_Step04_RoutingEndpoints.Tests/Asp_Step04_RoutingEndpoints.Tests.csproj" />
    <Project Path="src/LearnAsp/Asp_Step05_MinimalApiVsController/Asp_Step05_MinimalApiVsController.csproj" />
    <Project Path="src/LearnAsp/Asp_Step05_MinimalApiVsController.Tests/Asp_Step05_MinimalApiVsController.Tests.csproj" />
    <Project Path="src/LearnAsp/Asp_Step06_BindingValidationProblemDetails/Asp_Step06_BindingValidationProblemDetails.csproj" />
    <Project Path="src/LearnAsp/Asp_Step06_BindingValidationProblemDetails.Tests/Asp_Step06_BindingValidationProblemDetails.Tests.csproj" />
    <Project Path="src/LearnAsp/Asp_Step07_AuthnAuthzEntry/Asp_Step07_AuthnAuthzEntry.csproj" />
    <Project Path="src/LearnAsp/Asp_Step07_AuthnAuthzEntry.Tests/Asp_Step07_AuthnAuthzEntry.Tests.csproj" />
    <Project Path="src/LearnAsp/Asp_Step08_LoggingErrorsHealth/Asp_Step08_LoggingErrorsHealth.csproj" />
    <Project Path="src/LearnAsp/Asp_Step08_LoggingErrorsHealth.Tests/Asp_Step08_LoggingErrorsHealth.Tests.csproj" />
    <Project Path="src/LearnAsp/Asp_Step09_IntegrationTesting/Asp_Step09_IntegrationTesting.csproj" />
    <Project Path="src/LearnAsp/Asp_Step09_IntegrationTesting.Tests/Asp_Step09_IntegrationTesting.Tests.csproj" />
    <Project Path="src/LearnAsp/Asp_Step10_HttpFoundation/Asp_Step10_HttpFoundation.csproj" />
    <Project Path="src/LearnAsp/Asp_Step10_HttpFoundation.Tests/Asp_Step10_HttpFoundation.Tests.csproj" />
  </Folder>
</Solution>
